
Microsoft Visual Studio Solution File, Format Version 12.00
# Visual Studio Version 16
VisualStudioVersion = 16.0.30907.101
MinimumVisualStudioVersion = 10.0.40219.1
Project("{FAE04EC0-301F-11D3-BF4B-00C04F79EFBC}") = "ClassMetotDemo", "ClassMetotDemo\ClassMetotDemo.csproj", "{8396557D-EF47-4A05-B322-47E2B7E04801}"
EndProject
Global
	GlobalSection(SolutionConfigurationPlatforms) = preSolution
		Debug|Any CPU = Debug|Any CPU
		Release|Any CPU = Release|Any CPU
	EndGlobalSection
	GlobalSection(ProjectConfigurationPlatforms) = postSolution
		{8396557D-EF47-4A05-B322-47E2B7E04801}.Debug|Any CPU.ActiveCfg = Debug|Any CPU
		{8396557D-EF47-4A05-B322-47E2B7E04801}.Debug|Any CPU.Build.0 = Debug|Any CPU
		{8396557D-EF47-4A05-B322-47E2B7E04801}.Release|Any CPU.ActiveCfg = Release|Any CPU
		{8396557D-EF47-4A05-B322-47E2B7E04801}.Release|Any CPU.Build.0 = Release|Any CPU
	EndGlobalSection
	GlobalSection(SolutionProperties) = preSolution
		HideSolutionNode = FALSE
	EndGlobalSection
	GlobalSection(ExtensibilityGlobals) = postSolution
		SolutionGuid = {CF442DD6-5B12-45AF-BC32-9A58FE2FAC3E}
	EndGlobalSection
EndGlobal
